name: cron Update flake.lock

on:
  schedule:
    # Run every day at 23:00 UTC
    - cron: "0 23 * * *"
  workflow_dispatch:

jobs:
  build:
    runs-on: ubuntu-latest

    permissions:
      # Give the default GITHUB_TOKEN write permission to commit and push the
      # added or changed files to the repository.
      contents: write

    steps:
      - uses: actions/checkout@v7
        with:
          fetch-depth: 0

      - uses: cachix/install-nix-action@v31

      - run: nix flake update

      - uses: stefanzweifel/git-auto-commit-action@v7
        with:
          commit_message: "chore(deps): bump flake.lock"
          commit_user_name: Flake Bot Update
          commit_options: --no-verify --signoff
          commit_author: Flake Bot Update <actions@github.com>
          branch: main
          file_pattern: flake.lock
          skip_dirty_check: false
          skip_fetch: true
